// !$*UTF8*$!
{
	archiveVersion = 1;
	classes = {
	};
	objectVersion = 46;
	objects = {

/* Begin PBXBuildFile section */
		5409BAF31C3FEF870026854E /* BaseViewController.swift in Sources */ = {isa = PBXBuildFile; fileRef = 5409BAF21C3FEF870026854E /* BaseViewController.swift */; };
		5409BAF51C4003B70026854E /* WSTitleButton.swift in Sources */ = {isa = PBXBuildFile; fileRef = 5409BAF41C4003B70026854E /* WSTitleButton.swift */; };
		540D8B391C43E1C900922CE1 /* Common.swift in Sources */ = {isa = PBXBuildFile; fileRef = 540D8B381C43E1C800922CE1 /* Common.swift */; };
		540D8B3B1C43E2A100922CE1 /* OAuthController.swift in Sources */ = {isa = PBXBuildFile; fileRef = 540D8B3A1C43E2A100922CE1 /* OAuthController.swift */; };
		540D8B411C43E83800922CE1 /* OAuthController.xib in Resources */ = {isa = PBXBuildFile; fileRef = 540D8B401C43E83800922CE1 /* OAuthController.xib */; };
		5435734E1C40FBEB00D4DDF0 /* PopViewController.swift in Sources */ = {isa = PBXBuildFile; fileRef = 5435734C1C40FBEB00D4DDF0 /* PopViewController.swift */; };
		5435734F1C40FBEB00D4DDF0 /* PopViewController.xib in Resources */ = {isa = PBXBuildFile; fileRef = 5435734D1C40FBEB00D4DDF0 /* PopViewController.xib */; };
		543573511C4104E000D4DDF0 /* WSPresentControler.swift in Sources */ = {isa = PBXBuildFile; fileRef = 543573501C4104E000D4DDF0 /* WSPresentControler.swift */; };
		543CD85D1C3ECE63003616AE /* HomeViewController.storyboard in Resources */ = {isa = PBXBuildFile; fileRef = 543CD85C1C3ECE63003616AE /* HomeViewController.storyboard */; };
		543CD85F1C3ECE80003616AE /* MessageViewController.storyboard in Resources */ = {isa = PBXBuildFile; fileRef = 543CD85E1C3ECE80003616AE /* MessageViewController.storyboard */; };
		543CD8621C3ECE9E003616AE /* Null.storyboard in Resources */ = {isa = PBXBuildFile; fileRef = 543CD8601C3ECE9E003616AE /* Null.storyboard */; };
		543CD8641C3ECEBE003616AE /* DiscoverViewController.storyboard in Resources */ = {isa = PBXBuildFile; fileRef = 543CD8631C3ECEBE003616AE /* DiscoverViewController.storyboard */; };
		543CD8661C3ECECC003616AE /* ProfoleViewController.storyboard in Resources */ = {isa = PBXBuildFile; fileRef = 543CD8651C3ECECC003616AE /* ProfoleViewController.storyboard */; };
		543CD86B1C3EDAFA003616AE /* UIButton+SetImage.swift in Sources */ = {isa = PBXBuildFile; fileRef = 543CD86A1C3EDAFA003616AE /* UIButton+SetImage.swift */; };
		543CD8701C3EE557003616AE /* VisitorView.swift in Sources */ = {isa = PBXBuildFile; fileRef = 543CD86F1C3EE557003616AE /* VisitorView.swift */; };
		543CD8741C3EEC17003616AE /* VisitorView.xib in Resources */ = {isa = PBXBuildFile; fileRef = 543CD8731C3EEC17003616AE /* VisitorView.xib */; };
		545714591C3E947F001183CC /* AppDelegate.swift in Sources */ = {isa = PBXBuildFile; fileRef = 545714581C3E947F001183CC /* AppDelegate.swift */; };
		5457145E1C3E947F001183CC /* Main.storyboard in Resources */ = {isa = PBXBuildFile; fileRef = 5457145C1C3E947F001183CC /* Main.storyboard */; };
		545714601C3E947F001183CC /* Assets.xcassets in Resources */ = {isa = PBXBuildFile; fileRef = 5457145F1C3E947F001183CC /* Assets.xcassets */; };
		545714631C3E947F001183CC /* LaunchScreen.storyboard in Resources */ = {isa = PBXBuildFile; fileRef = 545714611C3E947F001183CC /* LaunchScreen.storyboard */; };
		545714721C3E9906001183CC /* MainViewController.swift in Sources */ = {isa = PBXBuildFile; fileRef = 545714711C3E9906001183CC /* MainViewController.swift */; };
		545714741C3E9A98001183CC /* DiscoverViewController.swift in Sources */ = {isa = PBXBuildFile; fileRef = 545714731C3E9A98001183CC /* DiscoverViewController.swift */; };
		545714761C3E9AA8001183CC /* HomeViewController.swift in Sources */ = {isa = PBXBuildFile; fileRef = 545714751C3E9AA8001183CC /* HomeViewController.swift */; };
		545714781C3E9AB7001183CC /* MessageViewController.swift in Sources */ = {isa = PBXBuildFile; fileRef = 545714771C3E9AB7001183CC /* MessageViewController.swift */; };
		5457147A1C3E9AC6001183CC /* ProfoleViewController.swift in Sources */ = {isa = PBXBuildFile; fileRef = 545714791C3E9AC6001183CC /* ProfoleViewController.swift */; };
		54BBA7311C42B7FC00252278 /* QRCodeViewController.swift in Sources */ = {isa = PBXBuildFile; fileRef = 54BBA7301C42B7FC00252278 /* QRCodeViewController.swift */; };
		54BBA7331C42B80C00252278 /* QRCodeViewController.storyboard in Resources */ = {isa = PBXBuildFile; fileRef = 54BBA7321C42B80C00252278 /* QRCodeViewController.storyboard */; };
/* End PBXBuildFile section */

/* Begin PBXFileReference section */
		5409BAF21C3FEF870026854E /* BaseViewController.swift */ = {isa = PBXFileReference; fileEncoding = 4; lastKnownFileType = sourcecode.swift; path = BaseViewController.swift; sourceTree = "<group>"; };
		5409BAF41C4003B70026854E /* WSTitleButton.swift */ = {isa = PBXFileReference; fileEncoding = 4; lastKnownFileType = sourcecode.swift; path = WSTitleButton.swift; sourceTree = "<group>"; };
		540D8B381C43E1C800922CE1 /* Common.swift */ = {isa = PBXFileReference; fileEncoding = 4; lastKnownFileType = sourcecode.swift; path = Common.swift; sourceTree = "<group>"; };
		540D8B3A1C43E2A100922CE1 /* OAuthController.swift */ = {isa = PBXFileReference; fileEncoding = 4; lastKnownFileType = sourcecode.swift; path = OAuthController.swift; sourceTree = "<group>"; };
		540D8B401C43E83800922CE1 /* OAuthController.xib */ = {isa = PBXFileReference; fileEncoding = 4; lastKnownFileType = file.xib; path = OAuthController.xib; sourceTree = "<group>"; };
		5435734C1C40FBEB00D4DDF0 /* PopViewController.swift */ = {isa = PBXFileReference; fileEncoding = 4; lastKnownFileType = sourcecode.swift; path = PopViewController.swift; sourceTree = "<group>"; };
		5435734D1C40FBEB00D4DDF0 /* PopViewController.xib */ = {isa = PBXFileReference; fileEncoding = 4; lastKnownFileType = file.xib; path = PopViewController.xib; sourceTree = "<group>"; };
		543573501C4104E000D4DDF0 /* WSPresentControler.swift */ = {isa = PBXFileReference; fileEncoding = 4; lastKnownFileType = sourcecode.swift; path = WSPresentControler.swift; sourceTree = "<group>"; };
		543CD85C1C3ECE63003616AE /* HomeViewController.storyboard */ = {isa = PBXFileReference; fileEncoding = 4; lastKnownFileType = file.storyboard; name = HomeViewController.storyboard; path = "Weibo/Classes/Home(首页)/HomeViewController.storyboard"; sourceTree = SOURCE_ROOT; };
		543CD85E1C3ECE80003616AE /* MessageViewController.storyboard */ = {isa = PBXFileReference; fileEncoding = 4; lastKnownFileType = file.storyboard; name = MessageViewController.storyboard; path = "Weibo/Classes/Message(消息)/MessageViewController.storyboard"; sourceTree = SOURCE_ROOT; };
		543CD8611C3ECE9E003616AE /* Base */ = {isa = PBXFileReference; lastKnownFileType = file.storyboard; name = Base; path = Weibo/Base.lproj/Null.storyboard; sourceTree = SOURCE_ROOT; };
		543CD8631C3ECEBE003616AE /* DiscoverViewController.storyboard */ = {isa = PBXFileReference; fileEncoding = 4; lastKnownFileType = file.storyboard; name = DiscoverViewController.storyboard; path = "Weibo/Classes/Discover(发现)/DiscoverViewController.storyboard"; sourceTree = SOURCE_ROOT; };
		543CD8651C3ECECC003616AE /* ProfoleViewController.storyboard */ = {isa = PBXFileReference; fileEncoding = 4; lastKnownFileType = file.storyboard; name = ProfoleViewController.storyboard; path = "Weibo/Classes/Profile(我)/ProfoleViewController.storyboard"; sourceTree = SOURCE_ROOT; };
		543CD86A1C3EDAFA003616AE /* UIButton+SetImage.swift */ = {isa = PBXFileReference; fileEncoding = 4; lastKnownFileType = sourcecode.swift; path = "UIButton+SetImage.swift"; sourceTree = "<group>"; };
		543CD86F1C3EE557003616AE /* VisitorView.swift */ = {isa = PBXFileReference; fileEncoding = 4; lastKnownFileType = sourcecode.swift; path = VisitorView.swift; sourceTree = "<group>"; };
		543CD8731C3EEC17003616AE /* VisitorView.xib */ = {isa = PBXFileReference; fileEncoding = 4; lastKnownFileType = file.xib; path = VisitorView.xib; sourceTree = "<group>"; };
		545714551C3E947F001183CC /* Weibo.app */ = {isa = PBXFileReference; explicitFileType = wrapper.application; includeInIndex = 0; path = Weibo.app; sourceTree = BUILT_PRODUCTS_DIR; };
		545714581C3E947F001183CC /* AppDelegate.swift */ = {isa = PBXFileReference; lastKnownFileType = sourcecode.swift; path = AppDelegate.swift; sourceTree = "<group>"; };
		5457145D1C3E947F001183CC /* Base */ = {isa = PBXFileReference; lastKnownFileType = file.storyboard; name = Base; path = Base.lproj/Main.storyboard; sourceTree = "<group>"; };
		5457145F1C3E947F001183CC /* Assets.xcassets */ = {isa = PBXFileReference; lastKnownFileType = folder.assetcatalog; path = Assets.xcassets; sourceTree = "<group>"; };
		545714621C3E947F001183CC /* Base */ = {isa = PBXFileReference; lastKnownFileType = file.storyboard; name = Base; path = Base.lproj/LaunchScreen.storyboard; sourceTree = "<group>"; };
		545714641C3E947F001183CC /* Info.plist */ = {isa = PBXFileReference; lastKnownFileType = text.plist.xml; path = Info.plist; sourceTree = "<group>"; };
		545714711C3E9906001183CC /* MainViewController.swift */ = {isa = PBXFileReference; fileEncoding = 4; lastKnownFileType = sourcecode.swift; path = MainViewController.swift; sourceTree = "<group>"; };
		545714731C3E9A98001183CC /* DiscoverViewController.swift */ = {isa = PBXFileReference; fileEncoding = 4; lastKnownFileType = sourcecode.swift; path = DiscoverViewController.swift; sourceTree = "<group>"; };
		545714751C3E9AA8001183CC /* HomeViewController.swift */ = {isa = PBXFileReference; fileEncoding = 4; lastKnownFileType = sourcecode.swift; path = HomeViewController.swift; sourceTree = "<group>"; };
		545714771C3E9AB7001183CC /* MessageViewController.swift */ = {isa = PBXFileReference; fileEncoding = 4; lastKnownFileType = sourcecode.swift; path = MessageViewController.swift; sourceTree = "<group>"; };
		545714791C3E9AC6001183CC /* ProfoleViewController.swift */ = {isa = PBXFileReference; fileEncoding = 4; lastKnownFileType = sourcecode.swift; path = ProfoleViewController.swift; sourceTree = "<group>"; };
		54BBA7301C42B7FC00252278 /* QRCodeViewController.swift */ = {isa = PBXFileReference; fileEncoding = 4; lastKnownFileType = sourcecode.swift; path = QRCodeViewController.swift; sourceTree = "<group>"; };
		54BBA7321C42B80C00252278 /* QRCodeViewController.storyboard */ = {isa = PBXFileReference; fileEncoding = 4; lastKnownFileType = file.storyboard; path = QRCodeViewController.storyboard; sourceTree = "<group>"; };
/* End PBXFileReference section */

/* Begin PBXFrameworksBuildPhase section */
		545714521C3E947F001183CC /* Frameworks */ = {
			isa = PBXFrameworksBuildPhase;
			buildActionMask = 2147483647;
			files = (
			);
			runOnlyForDeploymentPostprocessing = 0;
		};
/* End PBXFrameworksBuildPhase section */

/* Begin PBXGroup section */
		540D8B371C43E03000922CE1 /* OAuth(授权) */ = {
			isa = PBXGroup;
			children = (
				540D8B3A1C43E2A100922CE1 /* OAuthController.swift */,
				540D8B401C43E83800922CE1 /* OAuthController.xib */,
			);
			path = "OAuth(授权)";
			sourceTree = "<group>";
		};
		5435734B1C40FBAB00D4DDF0 /* PopView(分组列表) */ = {
			isa = PBXGroup;
			children = (
				5435734C1C40FBEB00D4DDF0 /* PopViewController.swift */,
				5435734D1C40FBEB00D4DDF0 /* PopViewController.xib */,
				543573501C4104E000D4DDF0 /* WSPresentControler.swift */,
			);
			name = "PopView(分组列表)";
			sourceTree = "<group>";
		};
		543CD8691C3EDAAC003616AE /* extension */ = {
			isa = PBXGroup;
			children = (
				543CD86A1C3EDAFA003616AE /* UIButton+SetImage.swift */,
				5409BAF41C4003B70026854E /* WSTitleButton.swift */,
				540D8B381C43E1C800922CE1 /* Common.swift */,
			);
			name = extension;
			sourceTree = "<group>";
		};
		543CD86E1C3EE557003616AE /* Visitor(游客界面) */ = {
			isa = PBXGroup;
			children = (
				543CD86F1C3EE557003616AE /* VisitorView.swift */,
				543CD8731C3EEC17003616AE /* VisitorView.xib */,
				5409BAF21C3FEF870026854E /* BaseViewController.swift */,
			);
			path = "Visitor(游客界面)";
			sourceTree = "<group>";
		};
		5457144C1C3E947F001183CC = {
			isa = PBXGroup;
			children = (
				545714571C3E947F001183CC /* Weibo */,
				545714561C3E947F001183CC /* Products */,
			);
			sourceTree = "<group>";
		};
		545714561C3E947F001183CC /* Products */ = {
			isa = PBXGroup;
			children = (
				545714551C3E947F001183CC /* Weibo.app */,
			);
			name = Products;
			sourceTree = "<group>";
		};
		545714571C3E947F001183CC /* Weibo */ = {
			isa = PBXGroup;
			children = (
				5457146A1C3E9703001183CC /* Classes */,
				545714581C3E947F001183CC /* AppDelegate.swift */,
				5457145F1C3E947F001183CC /* Assets.xcassets */,
				545714611C3E947F001183CC /* LaunchScreen.storyboard */,
				545714641C3E947F001183CC /* Info.plist */,
			);
			path = Weibo;
			sourceTree = "<group>";
		};
		5457146A1C3E9703001183CC /* Classes */ = {
			isa = PBXGroup;
			children = (
				540D8B371C43E03000922CE1 /* OAuth(授权) */,
				5457146D1C3E9703001183CC /* Main(主要) */,
				5457146C1C3E9703001183CC /* Home(首页) */,
				5457146E1C3E9703001183CC /* Message(消息) */,
				5457146B1C3E9703001183CC /* Discover(发现) */,
				5457146F1C3E9703001183CC /* Profile(我) */,
				545714701C3E9703001183CC /* Tool(工具) */,
			);
			path = Classes;
			sourceTree = "<group>";
		};
		5457146B1C3E9703001183CC /* Discover(发现) */ = {
			isa = PBXGroup;
			children = (
				543CD8631C3ECEBE003616AE /* DiscoverViewController.storyboard */,
				545714731C3E9A98001183CC /* DiscoverViewController.swift */,
			);
			path = "Discover(发现)";
			sourceTree = "<group>";
		};
		5457146C1C3E9703001183CC /* Home(首页) */ = {
			isa = PBXGroup;
			children = (
				5435734B1C40FBAB00D4DDF0 /* PopView(分组列表) */,
				54BBA72F1C42B7A800252278 /* QRCOdeVc(二维码扫描) */,
				543CD85C1C3ECE63003616AE /* HomeViewController.storyboard */,
				545714751C3E9AA8001183CC /* HomeViewController.swift */,
			);
			path = "Home(首页)";
			sourceTree = "<group>";
		};
		5457146D1C3E9703001183CC /* Main(主要) */ = {
			isa = PBXGroup;
			children = (
				543CD86E1C3EE557003616AE /* Visitor(游客界面) */,
				5457145C1C3E947F001183CC /* Main.storyboard */,
				543CD8601C3ECE9E003616AE /* Null.storyboard */,
				545714711C3E9906001183CC /* MainViewController.swift */,
			);
			path = "Main(主要)";
			sourceTree = "<group>";
		};
		5457146E1C3E9703001183CC /* Message(消息) */ = {
			isa = PBXGroup;
			children = (
				543CD85E1C3ECE80003616AE /* MessageViewController.storyboard */,
				545714771C3E9AB7001183CC /* MessageViewController.swift */,
			);
			path = "Message(消息)";
			sourceTree = "<group>";
		};
		5457146F1C3E9703001183CC /* Profile(我) */ = {
			isa = PBXGroup;
			children = (
				543CD8651C3ECECC003616AE /* ProfoleViewController.storyboard */,
				545714791C3E9AC6001183CC /* ProfoleViewController.swift */,
			);
			path = "Profile(我)";
			sourceTree = "<group>";
		};
		545714701C3E9703001183CC /* Tool(工具) */ = {
			isa = PBXGroup;
			children = (
				543CD8691C3EDAAC003616AE /* extension */,
			);
			path = "Tool(工具)";
			sourceTree = "<group>";
		};
		54BBA72F1C42B7A800252278 /* QRCOdeVc(二维码扫描) */ = {
			isa = PBXGroup;
			children = (
				54BBA7301C42B7FC00252278 /* QRCodeViewController.swift */,
				54BBA7321C42B80C00252278 /* QRCodeViewController.storyboard */,
			);
			name = "QRCOdeVc(二维码扫描)";
			sourceTree = "<group>";
		};
/* End PBXGroup section */

/* Begin PBXNativeTarget section */
		545714541C3E947F001183CC /* Weibo */ = {
			isa = PBXNativeTarget;
			buildConfigurationList = 545714671C3E947F001183CC /* Build configuration list for PBXNativeTarget "Weibo" */;
			buildPhases = (
				545714511C3E947F001183CC /* Sources */,
				545714521C3E947F001183CC /* Frameworks */,
				545714531C3E947F001183CC /* Resources */,
			);
			buildRules = (
			);
			dependencies = (
			);
			name = Weibo;
			productName = Weibo;
			productReference = 545714551C3E947F001183CC /* Weibo.app */;
			productType = "com.apple.product-type.application";
		};
/* End PBXNativeTarget section */

/* Begin PBXProject section */
		5457144D1C3E947F001183CC /* Project object */ = {
			isa = PBXProject;
			attributes = {
				LastSwiftUpdateCheck = 0710;
				LastUpgradeCheck = 0710;
				ORGANIZATIONNAME = Ws;
				TargetAttributes = {
					545714541C3E947F001183CC = {
						CreatedOnToolsVersion = 7.1;
						DevelopmentTeam = JWNGZ2Y3DW;
					};
				};
			};
			buildConfigurationList = 545714501C3E947F001183CC /* Build configuration list for PBXProject "Weibo" */;
			compatibilityVersion = "Xcode 3.2";
			developmentRegion = English;
			hasScannedForEncodings = 0;
			knownRegions = (
				en,
				Base,
			);
			mainGroup = 5457144C1C3E947F001183CC;
			productRefGroup = 545714561C3E947F001183CC /* Products */;
			projectDirPath = "";
			projectRoot = "";
			targets = (
				545714541C3E947F001183CC /* Weibo */,
			);
		};
/* End PBXProject section */

/* Begin PBXResourcesBuildPhase section */
		545714531C3E947F001183CC /* Resources */ = {
			isa = PBXResourcesBuildPhase;
			buildActionMask = 2147483647;
			files = (
				543CD85F1C3ECE80003616AE /* MessageViewController.storyboard in Resources */,
				540D8B411C43E83800922CE1 /* OAuthController.xib in Resources */,
				543CD8641C3ECEBE003616AE /* DiscoverViewController.storyboard in Resources */,
				543CD8661C3ECECC003616AE /* ProfoleViewController.storyboard in Resources */,
				543CD85D1C3ECE63003616AE /* HomeViewController.storyboard in Resources */,
				545714631C3E947F001183CC /* LaunchScreen.storyboard in Resources */,
				545714601C3E947F001183CC /* Assets.xcassets in Resources */,
				5457145E1C3E947F001183CC /* Main.storyboard in Resources */,
				543CD8621C3ECE9E003616AE /* Null.storyboard in Resources */,
				5435734F1C40FBEB00D4DDF0 /* PopViewController.xib in Resources */,
				54BBA7331C42B80C00252278 /* QRCodeViewController.storyboard in Resources */,
				543CD8741C3EEC17003616AE /* VisitorView.xib in Resources */,
			);
			runOnlyForDeploymentPostprocessing = 0;
		};
/* End PBXResourcesBuildPhase section */

/* Begin PBXSourcesBuildPhase section */
		545714511C3E947F001183CC /* Sources */ = {
			isa = PBXSourcesBuildPhase;
			buildActionMask = 2147483647;
			files = (
				545714741C3E9A98001183CC /* DiscoverViewController.swift in Sources */,
				545714591C3E947F001183CC /* AppDelegate.swift in Sources */,
				54BBA7311C42B7FC00252278 /* QRCodeViewController.swift in Sources */,
				5435734E1C40FBEB00D4DDF0 /* PopViewController.swift in Sources */,
				545714721C3E9906001183CC /* MainViewController.swift in Sources */,
				545714761C3E9AA8001183CC /* HomeViewController.swift in Sources */,
				540D8B391C43E1C900922CE1 /* Common.swift in Sources */,
				5457147A1C3E9AC6001183CC /* ProfoleViewController.swift in Sources */,
				543573511C4104E000D4DDF0 /* WSPresentControler.swift in Sources */,
				5409BAF31C3FEF870026854E /* BaseViewController.swift in Sources */,
				5409BAF51C4003B70026854E /* WSTitleButton.swift in Sources */,
				545714781C3E9AB7001183CC /* MessageViewController.swift in Sources */,
				543CD86B1C3EDAFA003616AE /* UIButton+SetImage.swift in Sources */,
				543CD8701C3EE557003616AE /* VisitorView.swift in Sources */,
				540D8B3B1C43E2A100922CE1 /* OAuthController.swift in Sources */,
			);
			runOnlyForDeploymentPostprocessing = 0;
		};
/* End PBXSourcesBuildPhase section */

/* Begin PBXVariantGroup section */
		543CD8601C3ECE9E003616AE /* Null.storyboard */ = {
			isa = PBXVariantGroup;
			children = (
				543CD8611C3ECE9E003616AE /* Base */,
			);
			name = Null.storyboard;
			sourceTree = "<group>";
		};
		5457145C1C3E947F001183CC /* Main.storyboard */ = {
			isa = PBXVariantGroup;
			children = (
				5457145D1C3E947F001183CC /* Base */,
			);
			name = Main.storyboard;
			path = ../..;
			sourceTree = "<group>";
		};
		545714611C3E947F001183CC /* LaunchScreen.storyboard */ = {
			isa = PBXVariantGroup;
			children = (
				545714621C3E947F001183CC /* Base */,
			);
			name = LaunchScreen.storyboard;
			sourceTree = "<group>";
		};
/* End PBXVariantGroup section */

/* Begin XCBuildConfiguration section */
		545714651C3E947F001183CC /* Debug */ = {
			isa = XCBuildConfiguration;
			buildSettings = {
				ALWAYS_SEARCH_USER_PATHS = NO;
				CLANG_CXX_LANGUAGE_STANDARD = "gnu++0x";
				CLANG_CXX_LIBRARY = "libc++";
				CLANG_ENABLE_MODULES = YES;
				CLANG_ENABLE_OBJC_ARC = YES;
				CLANG_WARN_BOOL_CONVERSION = YES;
				CLANG_WARN_CONSTANT_CONVERSION = YES;
				CLANG_WARN_DIRECT_OBJC_ISA_USAGE = YES_ERROR;
				CLANG_WARN_EMPTY_BODY = YES;
				CLANG_WARN_ENUM_CONVERSION = YES;
				CLANG_WARN_INT_CONVERSION = YES;
				CLANG_WARN_OBJC_ROOT_CLASS = YES_ERROR;
				CLANG_WARN_UNREACHABLE_CODE = YES;
				CLANG_WARN__DUPLICATE_METHOD_MATCH = YES;
				"CODE_SIGN_IDENTITY[sdk=iphoneos*]" = "iPhone Developer";
				COPY_PHASE_STRIP = NO;
				DEBUG_INFORMATION_FORMAT = dwarf;
				ENABLE_STRICT_OBJC_MSGSEND = YES;
				ENABLE_TESTABILITY = YES;
				GCC_C_LANGUAGE_STANDARD = gnu99;
				GCC_DYNAMIC_NO_PIC = NO;
				GCC_NO_COMMON_BLOCKS = YES;
				GCC_OPTIMIZATION_LEVEL = 0;
				GCC_PREPROCESSOR_DEFINITIONS = (
					"DEBUG=1",
					"$(inherited)",
				);
				GCC_WARN_64_TO_32_BIT_CONVERSION = YES;
				GCC_WARN_ABOUT_RETURN_TYPE = YES_ERROR;
				GCC_WARN_UNDECLARED_SELECTOR = YES;
				GCC_WARN_UNINITIALIZED_AUTOS = YES_AGGRESSIVE;
				GCC_WARN_UNUSED_FUNCTION = YES;
				GCC_WARN_UNUSED_VARIABLE = YES;
				IPHONEOS_DEPLOYMENT_TARGET = 9.1;
				MTL_ENABLE_DEBUG_INFO = YES;
				ONLY_ACTIVE_ARCH = YES;
				SDKROOT = iphoneos;
				SWIFT_OPTIMIZATION_LEVEL = "-Onone";
			};
			name = Debug;
		};
		545714661C3E947F001183CC /* Release */ = {
			isa = XCBuildConfiguration;
			buildSettings = {
				ALWAYS_SEARCH_USER_PATHS = NO;
				CLANG_CXX_LANGUAGE_STANDARD = "gnu++0x";
				CLANG_CXX_LIBRARY = "libc++";
				CLANG_ENABLE_MODULES = YES;
				CLANG_ENABLE_OBJC_ARC = YES;
				CLANG_WARN_BOOL_CONVERSION = YES;
				CLANG_WARN_CONSTANT_CONVERSION = YES;
				CLANG_WARN_DIRECT_OBJC_ISA_USAGE = YES_ERROR;
				CLANG_WARN_EMPTY_BODY = YES;
				CLANG_WARN_ENUM_CONVERSION = YES;
				CLANG_WARN_INT_CONVERSION = YES;
				CLANG_WARN_OBJC_ROOT_CLASS = YES_ERROR;
				CLANG_WARN_UNREACHABLE_CODE = YES;
				CLANG_WARN__DUPLICATE_METHOD_MATCH = YES;
				"CODE_SIGN_IDENTITY[sdk=iphoneos*]" = "iPhone Developer";
				COPY_PHASE_STRIP = NO;
				DEBUG_INFORMATION_FORMAT = "dwarf-with-dsym";
				ENABLE_NS_ASSERTIONS = NO;
				ENABLE_STRICT_OBJC_MSGSEND = YES;
				GCC_C_LANGUAGE_STANDARD = gnu99;
				GCC_NO_COMMON_BLOCKS = YES;
				GCC_WARN_64_TO_32_BIT_CONVERSION = YES;
				GCC_WARN_ABOUT_RETURN_TYPE = YES_ERROR;
				GCC_WARN_UNDECLARED_SELECTOR = YES;
				GCC_WARN_UNINITIALIZED_AUTOS = YES_AGGRESSIVE;
				GCC_WARN_UNUSED_FUNCTION = YES;
				GCC_WARN_UNUSED_VARIABLE = YES;
				IPHONEOS_DEPLOYMENT_TARGET = 9.1;
				MTL_ENABLE_DEBUG_INFO = NO;
				SDKROOT = iphoneos;
				VALIDATE_PRODUCT = YES;
			};
			name = Release;
		};
		545714681C3E947F001183CC /* Debug */ = {
			isa = XCBuildConfiguration;
			buildSettings = {
				ASSETCATALOG_COMPILER_APPICON_NAME = AppIcon;
				ASSETCATALOG_COMPILER_LAUNCHIMAGE_NAME = "Brand Assets";
				CODE_SIGN_IDENTITY = "iPhone Developer";
				"CODE_SIGN_IDENTITY[sdk=iphoneos*]" = "iPhone Developer";
				INFOPLIST_FILE = Weibo/Info.plist;
				LD_RUNPATH_SEARCH_PATHS = "$(inherited) @executable_path/Frameworks";
				PRODUCT_BUNDLE_IDENTIFIER = wws.Weibo;
				PRODUCT_NAME = "$(TARGET_NAME)";
				PROVISIONING_PROFILE = "";
			};
			name = Debug;
		};
		545714691C3E947F001183CC /* Release */ = {
			isa = XCBuildConfiguration;
			buildSettings = {
				ASSETCATALOG_COMPILER_APPICON_NAME = AppIcon;
				ASSETCATALOG_COMPILER_LAUNCHIMAGE_NAME = "Brand Assets";
				CODE_SIGN_IDENTITY = "iPhone Developer";
				"CODE_SIGN_IDENTITY[sdk=iphoneos*]" = "iPhone Developer";
				INFOPLIST_FILE = Weibo/Info.plist;
				LD_RUNPATH_SEARCH_PATHS = "$(inherited) @executable_path/Frameworks";
				PRODUCT_BUNDLE_IDENTIFIER = wws.Weibo;
				PRODUCT_NAME = "$(TARGET_NAME)";
				PROVISIONING_PROFILE = "";
			};
			name = Release;
		};
/* End XCBuildConfiguration section */

/* Begin XCConfigurationList section */
		545714501C3E947F001183CC /* Build configuration list for PBXProject "Weibo" */ = {
			isa = XCConfigurationList;
			buildConfigurations = (
				545714651C3E947F001183CC /* Debug */,
				545714661C3E947F001183CC /* Release */,
			);
			defaultConfigurationIsVisible = 0;
			defaultConfigurationName = Release;
		};
		545714671C3E947F001183CC /* Build configuration list for PBXNativeTarget "Weibo" */ = {
			isa = XCConfigurationList;
			buildConfigurations = (
				545714681C3E947F001183CC /* Debug */,
				545714691C3E947F001183CC /* Release */,
			);
			defaultConfigurationIsVisible = 0;
			defaultConfigurationName = Release;
		};
/* End XCConfigurationList section */
	};
	rootObject = 5457144D1C3E947F001183CC /* Project object */;
}
